Microsoft Visual Studio Solution File, Format Version 11.00
# Visual Studio 2008

Project("{6751C445-EFB9-E61B-A0C4-9DDD82774CDD}") = "Bubbla", "Assembly-CSharp.csproj", "{83B415C1-B48C-55EA-ACF6-2206E6AF2DBC}"
EndProject
Global
	GlobalSection(SolutionConfigurationPlatforms) = preSolution
		Debug|Any CPU = Debug|Any CPU
		Release|Any CPU = Release|Any CPU
	EndGlobalSection
	GlobalSection(ProjectConfigurationPlatforms) = postSolution
		{83B415C1-B48C-55EA-ACF6-2206E6AF2DBC}.Debug|Any CPU.ActiveCfg = Debug|Any CPU
		{83B415C1-B48C-55EA-ACF6-2206E6AF2DBC}.Debug|Any CPU.Build.0 = Debug|Any CPU
		{83B415C1-B48C-55EA-ACF6-2206E6AF2DBC}.Release|Any CPU.ActiveCfg = Release|Any CPU
		{83B415C1-B48C-55EA-ACF6-2206E6AF2DBC}.Release|Any CPU.Build.0 = Release|Any CPU
	EndGlobalSection
	GlobalSection(SolutionProperties) = preSolution
		HideSolutionNode = FALSE
	EndGlobalSection
	GlobalSection(MonoDevelopProperties) = preSolution
		StartupItem = Assembly-CSharp.csproj
	EndGlobalSection
EndGlobal
